// !$*UTF8*$!
{
	archiveVersion = 1;
	classes = {
	};
	objectVersion = 50;
	objects = {

/* Begin PBXBuildFile section */
		9100C12523C4EC3B00D57076 /* AppDelegate.swift in Sources */ = {isa = PBXBuildFile; fileRef = 9100C12423C4EC3B00D57076 /* AppDelegate.swift */; };
		9100C12723C4EC3B00D57076 /* SceneDelegate.swift in Sources */ = {isa = PBXBuildFile; fileRef = 9100C12623C4EC3B00D57076 /* SceneDelegate.swift */; };
		9100C12923C4EC3B00D57076 /* ContentView.swift in Sources */ = {isa = PBXBuildFile; fileRef = 9100C12823C4EC3B00D57076 /* ContentView.swift */; };
		9100C12B23C4EC3D00D57076 /* Assets.xcassets in Resources */ = {isa = PBXBuildFile; fileRef = 9100C12A23C4EC3D00D57076 /* Assets.xcassets */; };
		9100C12E23C4EC3D00D57076 /* Preview Assets.xcassets in Resources */ = {isa = PBXBuildFile; fileRef = 9100C12D23C4EC3D00D57076 /* Preview Assets.xcassets */; };
		9100C13123C4EC3D00D57076 /* LaunchScreen.storyboard in Resources */ = {isa = PBXBuildFile; fileRef = 9100C12F23C4EC3D00D57076 /* LaunchScreen.storyboard */; };
		9100C13C23C4EC3D00D57076 /* SimpleTimerTests.swift in Sources */ = {isa = PBXBuildFile; fileRef = 9100C13B23C4EC3D00D57076 /* SimpleTimerTests.swift */; };
		9100C14723C4EC3D00D57076 /* SimpleTimerUITests.swift in Sources */ = {isa = PBXBuildFile; fileRef = 9100C14623C4EC3D00D57076 /* SimpleTimerUITests.swift */; };
/* End PBXBuildFile section */

/* Begin PBXContainerItemProxy section */
		9100C13823C4EC3D00D57076 /* PBXContainerItemProxy */ = {
			isa = PBXContainerItemProxy;
			containerPortal = 9100C11923C4EC3B00D57076 /* Project object */;
			proxyType = 1;
			remoteGlobalIDString = 9100C12023C4EC3B00D57076;
			remoteInfo = SimpleTimer;
		};
		9100C14323C4EC3D00D57076 /* PBXContainerItemProxy */ = {
			isa = PBXContainerItemProxy;
			containerPortal = 9100C11923C4EC3B00D57076 /* Project object */;
			proxyType = 1;
			remoteGlobalIDString = 9100C12023C4EC3B00D57076;
			remoteInfo = SimpleTimer;
		};
/* End PBXContainerItemProxy section */

/* Begin PBXFileReference section */
		9100C12123C4EC3B00D57076 /* SimpleTimer.app */ = {isa = PBXFileReference; explicitFileType = wrapper.application; includeInIndex = 0; path = SimpleTimer.app; sourceTree = BUILT_PRODUCTS_DIR; };
		9100C12423C4EC3B00D57076 /* AppDelegate.swift */ = {isa = PBXFileReference; lastKnownFileType = sourcecode.swift; path = AppDelegate.swift; sourceTree = "<group>"; };
		9100C12623C4EC3B00D57076 /* SceneDelegate.swift */ = {isa = PBXFileReference; lastKnownFileType = sourcecode.swift; path = SceneDelegate.swift; sourceTree = "<group>"; };
		9100C12823C4EC3B00D57076 /* ContentView.swift */ = {isa = PBXFileReference; lastKnownFileType = sourcecode.swift; path = ContentView.swift; sourceTree = "<group>"; };
		9100C12A23C4EC3D00D57076 /* Assets.xcassets */ = {isa = PBXFileReference; lastKnownFileType = folder.assetcatalog; path = Assets.xcassets; sourceTree = "<group>"; };
		9100C12D23C4EC3D00D57076 /* Preview Assets.xcassets */ = {isa = PBXFileReference; lastKnownFileType = folder.assetcatalog; path = "Preview Assets.xcassets"; sourceTree = "<group>"; };
		9100C13023C4EC3D00D57076 /* Base */ = {isa = PBXFileReference; lastKnownFileType = file.storyboard; name = Base; path = Base.lproj/LaunchScreen.storyboard; sourceTree = "<group>"; };
		9100C13223C4EC3D00D57076 /* Info.plist */ = {isa = PBXFileReference; lastKnownFileType = text.plist.xml; path = Info.plist; sourceTree = "<group>"; };
		9100C13723C4EC3D00D57076 /* SimpleTimerTests.xctest */ = {isa = PBXFileReference; explicitFileType = wrapper.cfbundle; includeInIndex = 0; path = SimpleTimerTests.xctest; sourceTree = BUILT_PRODUCTS_DIR; };
		9100C13B23C4EC3D00D57076 /* SimpleTimerTests.swift */ = {isa = PBXFileReference; lastKnownFileType = sourcecode.swift; path = SimpleTimerTests.swift; sourceTree = "<group>"; };
		9100C13D23C4EC3D00D57076 /* Info.plist */ = {isa = PBXFileReference; lastKnownFileType = text.plist.xml; path = Info.plist; sourceTree = "<group>"; };
		9100C14223C4EC3D00D57076 /* SimpleTimerUITests.xctest */ = {isa = PBXFileReference; explicitFileType = wrapper.cfbundle; includeInIndex = 0; path = SimpleTimerUITests.xctest; sourceTree = BUILT_PRODUCTS_DIR; };
		9100C14623C4EC3D00D57076 /* SimpleTimerUITests.swift */ = {isa = PBXFileReference; lastKnownFileType = sourcecode.swift; path = SimpleTimerUITests.swift; sourceTree = "<group>"; };
		9100C14823C4EC3D00D57076 /* Info.plist */ = {isa = PBXFileReference; lastKnownFileType = text.plist.xml; path = Info.plist; sourceTree = "<group>"; };
/* End PBXFileReference section */

/* Begin PBXFrameworksBuildPhase section */
		9100C11E23C4EC3B00D57076 /* Frameworks */ = {
			isa = PBXFrameworksBuildPhase;
			buildActionMask = 2147483647;
			files = (
			);
			runOnlyForDeploymentPostprocessing = 0;
		};
		9100C13423C4EC3D00D57076 /* Frameworks */ = {
			isa = PBXFrameworksBuildPhase;
			buildActionMask = 2147483647;
			files = (
			);
			runOnlyForDeploymentPostprocessing = 0;
		};
		9100C13F23C4EC3D00D57076 /* Frameworks */ = {
			isa = PBXFrameworksBuildPhase;
			buildActionMask = 2147483647;
			files = (
			);
			runOnlyForDeploymentPostprocessing = 0;
		};
/* End PBXFrameworksBuildPhase section */

/* Begin PBXGroup section */
		9100C11823C4EC3B00D57076 = {
			isa = PBXGroup;
			children = (
				9100C12323C4EC3B00D57076 /* SimpleTimer */,
				9100C13A23C4EC3D00D57076 /* SimpleTimerTests */,
				9100C14523C4EC3D00D57076 /* SimpleTimerUITests */,
				9100C12223C4EC3B00D57076 /* Products */,
			);
			sourceTree = "<group>";
		};
		9100C12223C4EC3B00D57076 /* Products */ = {
			isa = PBXGroup;
			children = (
				9100C12123C4EC3B00D57076 /* SimpleTimer.app */,
				9100C13723C4EC3D00D57076 /* SimpleTimerTests.xctest */,
				9100C14223C4EC3D00D57076 /* SimpleTimerUITests.xctest */,
			);
			name = Products;
			sourceTree = "<group>";
		};
		9100C12323C4EC3B00D57076 /* SimpleTimer */ = {
			isa = PBXGroup;
			children = (
				9100C12423C4EC3B00D57076 /* AppDelegate.swift */,
				9100C12623C4EC3B00D57076 /* SceneDelegate.swift */,
				9100C12823C4EC3B00D57076 /* ContentView.swift */,
				9100C12A23C4EC3D00D57076 /* Assets.xcassets */,
				9100C12F23C4EC3D00D57076 /* LaunchScreen.storyboard */,
				9100C13223C4EC3D00D57076 /* Info.plist */,
				9100C12C23C4EC3D00D57076 /* Preview Content */,
			);
			path = SimpleTimer;
			sourceTree = "<group>";
		};
		9100C12C23C4EC3D00D57076 /* Preview Content */ = {
			isa = PBXGroup;
			children = (
				9100C12D23C4EC3D00D57076 /* Preview Assets.xcassets */,
			);
			path = "Preview Content";
			sourceTree = "<group>";
		};
		9100C13A23C4EC3D00D57076 /* SimpleTimerTests */ = {
			isa = PBXGroup;
			children = (
				9100C13B23C4EC3D00D57076 /* SimpleTimerTests.swift */,
				9100C13D23C4EC3D00D57076 /* Info.plist */,
			);
			path = SimpleTimerTests;
			sourceTree = "<group>";
		};
		9100C14523C4EC3D00D57076 /* SimpleTimerUITests */ = {
			isa = PBXGroup;
			children = (
				9100C14623C4EC3D00D57076 /* SimpleTimerUITests.swift */,
				9100C14823C4EC3D00D57076 /* Info.plist */,
			);
			path = SimpleTimerUITests;
			sourceTree = "<group>";
		};
/* End PBXGroup section */

/* Begin PBXNativeTarget section */
		9100C12023C4EC3B00D57076 /* SimpleTimer */ = {
			isa = PBXNativeTarget;
			buildConfigurationList = 9100C14B23C4EC3D00D57076 /* Build configuration list for PBXNativeTarget "SimpleTimer" */;
			buildPhases = (
				9100C11D23C4EC3B00D57076 /* Sources */,
				9100C11E23C4EC3B00D57076 /* Frameworks */,
				9100C11F23C4EC3B00D57076 /* Resources */,
			);
			buildRules = (
			);
			dependencies = (
			);
			name = SimpleTimer;
			productName = SimpleTimer;
			productReference = 9100C12123C4EC3B00D57076 /* SimpleTimer.app */;
			productType = "com.apple.product-type.application";
		};
		9100C13623C4EC3D00D57076 /* SimpleTimerTests */ = {
			isa = PBXNativeTarget;
			buildConfigurationList = 9100C14E23C4EC3D00D57076 /* Build configuration list for PBXNativeTarget "SimpleTimerTests" */;
			buildPhases = (
				9100C13323C4EC3D00D57076 /* Sources */,
				9100C13423C4EC3D00D57076 /* Frameworks */,
				9100C13523C4EC3D00D57076 /* Resources */,
			);
			buildRules = (
			);
			dependencies = (
				9100C13923C4EC3D00D57076 /* PBXTargetDependency */,
			);
			name = SimpleTimerTests;
			productName = SimpleTimerTests;
			productReference = 9100C13723C4EC3D00D57076 /* SimpleTimerTests.xctest */;
			productType = "com.apple.product-type.bundle.unit-test";
		};
		9100C14123C4EC3D00D57076 /* SimpleTimerUITests */ = {
			isa = PBXNativeTarget;
			buildConfigurationList = 9100C15123C4EC3D00D57076 /* Build configuration list for PBXNativeTarget "SimpleTimerUITests" */;
			buildPhases = (
				9100C13E23C4EC3D00D57076 /* Sources */,
				9100C13F23C4EC3D00D57076 /* Frameworks */,
				9100C14023C4EC3D00D57076 /* Resources */,
			);
			buildRules = (
			);
			dependencies = (
				9100C14423C4EC3D00D57076 /* PBXTargetDependency */,
			);
			name = SimpleTimerUITests;
			productName = SimpleTimerUITests;
			productReference = 9100C14223C4EC3D00D57076 /* SimpleTimerUITests.xctest */;
			productType = "com.apple.product-type.bundle.ui-testing";
		};
/* End PBXNativeTarget section */

/* Begin PBXProject section */
		9100C11923C4EC3B00D57076 /* Project object */ = {
			isa = PBXProject;
			attributes = {
				LastSwiftUpdateCheck = 1130;
				LastUpgradeCheck = 1130;
				ORGANIZATIONNAME = 1000ship;
				TargetAttributes = {
					9100C12023C4EC3B00D57076 = {
						CreatedOnToolsVersion = 11.3;
					};
					9100C13623C4EC3D00D57076 = {
						CreatedOnToolsVersion = 11.3;
						TestTargetID = 9100C12023C4EC3B00D57076;
					};
					9100C14123C4EC3D00D57076 = {
						CreatedOnToolsVersion = 11.3;
						TestTargetID = 9100C12023C4EC3B00D57076;
					};
				};
			};
			buildConfigurationList = 9100C11C23C4EC3B00D57076 /* Build configuration list for PBXProject "SimpleTimer" */;
			compatibilityVersion = "Xcode 9.3";
			developmentRegion = en;
			hasScannedForEncodings = 0;
			knownRegions = (
				en,
				Base,
			);
			mainGroup = 9100C11823C4EC3B00D57076;
			productRefGroup = 9100C12223C4EC3B00D57076 /* Products */;
			projectDirPath = "";
			projectRoot = "";
			targets = (
				9100C12023C4EC3B00D57076 /* SimpleTimer */,
				9100C13623C4EC3D00D57076 /* SimpleTimerTests */,
				9100C14123C4EC3D00D57076 /* SimpleTimerUITests */,
			);
		};
/* End PBXProject section */

/* Begin PBXResourcesBuildPhase section */
		9100C11F23C4EC3B00D57076 /* Resources */ = {
			isa = PBXResourcesBuildPhase;
			buildActionMask = 2147483647;
			files = (
				9100C13123C4EC3D00D57076 /* LaunchScreen.storyboard in Resources */,
				9100C12E23C4EC3D00D57076 /* Preview Assets.xcassets in Resources */,
				9100C12B23C4EC3D00D57076 /* Assets.xcassets in Resources */,
			);
			runOnlyForDeploymentPostprocessing = 0;
		};
		9100C13523C4EC3D00D57076 /* Resources */ = {
			isa = PBXResourcesBuildPhase;
			buildActionMask = 2147483647;
			files = (
			);
			runOnlyForDeploymentPostprocessing = 0;
		};
		9100C14023C4EC3D00D57076 /* Resources */ = {
			isa = PBXResourcesBuildPhase;
			buildActionMask = 2147483647;
			files = (
			);
			runOnlyForDeploymentPostprocessing = 0;
		};
/* End PBXResourcesBuildPhase section */

/* Begin PBXSourcesBuildPhase section */
		9100C11D23C4EC3B00D57076 /* Sources */ = {
			isa = PBXSourcesBuildPhase;
			buildActionMask = 2147483647;
			files = (
				9100C12523C4EC3B00D57076 /* AppDelegate.swift in Sources */,
				9100C12723C4EC3B00D57076 /* SceneDelegate.swift in Sources */,
				9100C12923C4EC3B00D57076 /* ContentView.swift in Sources */,
			);
			runOnlyForDeploymentPostprocessing = 0;
		};
		9100C13323C4EC3D00D57076 /* Sources */ = {
			isa = PBXSourcesBuildPhase;
			buildActionMask = 2147483647;
			files = (
				9100C13C23C4EC3D00D57076 /* SimpleTimerTests.swift in Sources */,
			);
			runOnlyForDeploymentPostprocessing = 0;
		};
		9100C13E23C4EC3D00D57076 /* Sources */ = {
			isa = PBXSourcesBuildPhase;
			buildActionMask = 2147483647;
			files = (
				9100C14723C4EC3D00D57076 /* SimpleTimerUITests.swift in Sources */,
			);
			runOnlyForDeploymentPostprocessing = 0;
		};
/* End PBXSourcesBuildPhase section */

/* Begin PBXTargetDependency section */
		9100C13923C4EC3D00D57076 /* PBXTargetDependency */ = {
			isa = PBXTargetDependency;
			target = 9100C12023C4EC3B00D57076 /* SimpleTimer */;
			targetProxy = 9100C13823C4EC3D00D57076 /* PBXContainerItemProxy */;
		};
		9100C14423C4EC3D00D57076 /* PBXTargetDependency */ = {
			isa = PBXTargetDependency;
			target = 9100C12023C4EC3B00D57076 /* SimpleTimer */;
			targetProxy = 9100C14323C4EC3D00D57076 /* PBXContainerItemProxy */;
		};
/* End PBXTargetDependency section */

/* Begin PBXVariantGroup section */
		9100C12F23C4EC3D00D57076 /* LaunchScreen.storyboard */ = {
			isa = PBXVariantGroup;
			children = (
				9100C13023C4EC3D00D57076 /* Base */,
			);
			name = LaunchScreen.storyboard;
			sourceTree = "<group>";
		};
/* End PBXVariantGroup section */

/* Begin XCBuildConfiguration section */
		9100C14923C4EC3D00D57076 /* Debug */ = {
			isa = XCBuildConfiguration;
			buildSettings = {
				ALWAYS_SEARCH_USER_PATHS = NO;
				CLANG_ANALYZER_NONNULL = YES;
				CLANG_ANALYZER_NUMBER_OBJECT_CONVERSION = YES_AGGRESSIVE;
				CLANG_CXX_LANGUAGE_STANDARD = "gnu++14";
				CLANG_CXX_LIBRARY = "libc++";
				CLANG_ENABLE_MODULES = YES;
				CLANG_ENABLE_OBJC_ARC = YES;
				CLANG_ENABLE_OBJC_WEAK = YES;
				CLANG_WARN_BLOCK_CAPTURE_AUTORELEASING = YES;
				CLANG_WARN_BOOL_CONVERSION = YES;
				CLANG_WARN_COMMA = YES;
				CLANG_WARN_CONSTANT_CONVERSION = YES;
				CLANG_WARN_DEPRECATED_OBJC_IMPLEMENTATIONS = YES;
				CLANG_WARN_DIRECT_OBJC_ISA_USAGE = YES_ERROR;
				CLANG_WARN_DOCUMENTATION_COMMENTS = YES;
				CLANG_WARN_EMPTY_BODY = YES;
				CLANG_WARN_ENUM_CONVERSION = YES;
				CLANG_WARN_INFINITE_RECURSION = YES;
				CLANG_WARN_INT_CONVERSION = YES;
				CLANG_WARN_NON_LITERAL_NULL_CONVERSION = YES;
				CLANG_WARN_OBJC_IMPLICIT_RETAIN_SELF = YES;
				CLANG_WARN_OBJC_LITERAL_CONVERSION = YES;
				CLANG_WARN_OBJC_ROOT_CLASS = YES_ERROR;
				CLANG_WARN_RANGE_LOOP_ANALYSIS = YES;
				CLANG_WARN_STRICT_PROTOTYPES = YES;
				CLANG_WARN_SUSPICIOUS_MOVE = YES;
				CLANG_WARN_UNGUARDED_AVAILABILITY = YES_AGGRESSIVE;
				CLANG_WARN_UNREACHABLE_CODE = YES;
				CLANG_WARN__DUPLICATE_METHOD_MATCH = YES;
				COPY_PHASE_STRIP = NO;
				DEBUG_INFORMATION_FORMAT = dwarf;
				ENABLE_STRICT_OBJC_MSGSEND = YES;
				ENABLE_TESTABILITY = YES;
				GCC_C_LANGUAGE_STANDARD = gnu11;
				GCC_DYNAMIC_NO_PIC = NO;
				GCC_NO_COMMON_BLOCKS = YES;
				GCC_OPTIMIZATION_LEVEL = 0;
				GCC_PREPROCESSOR_DEFINITIONS = (
					"DEBUG=1",
					"$(inherited)",
				);
				GCC_WARN_64_TO_32_BIT_CONVERSION = YES;
				GCC_WARN_ABOUT_RETURN_TYPE = YES_ERROR;
				GCC_WARN_UNDECLARED_SELECTOR = YES;
				GCC_WARN_UNINITIALIZED_AUTOS = YES_AGGRESSIVE;
				GCC_WARN_UNUSED_FUNCTION = YES;
				GCC_WARN_UNUSED_VARIABLE = YES;
				IPHONEOS_DEPLOYMENT_TARGET = 13.2;
				MTL_ENABLE_DEBUG_INFO = INCLUDE_SOURCE;
				MTL_FAST_MATH = YES;
				ONLY_ACTIVE_ARCH = YES;
				SDKROOT = iphoneos;
				SWIFT_ACTIVE_COMPILATION_CONDITIONS = DEBUG;
				SWIFT_OPTIMIZATION_LEVEL = "-Onone";
			};
			name = Debug;
		};
		9100C14A23C4EC3D00D57076 /* Release */ = {
			isa = XCBuildConfiguration;
			buildSettings = {
				ALWAYS_SEARCH_USER_PATHS = NO;
				CLANG_ANALYZER_NONNULL = YES;
				CLANG_ANALYZER_NUMBER_OBJECT_CONVERSION = YES_AGGRESSIVE;
				CLANG_CXX_LANGUAGE_STANDARD = "gnu++14";
				CLANG_CXX_LIBRARY = "libc++";
				CLANG_ENABLE_MODULES = YES;
				CLANG_ENABLE_OBJC_ARC = YES;
				CLANG_ENABLE_OBJC_WEAK = YES;
				CLANG_WARN_BLOCK_CAPTURE_AUTORELEASING = YES;
				CLANG_WARN_BOOL_CONVERSION = YES;
				CLANG_WARN_COMMA = YES;
				CLANG_WARN_CONSTANT_CONVERSION = YES;
				CLANG_WARN_DEPRECATED_OBJC_IMPLEMENTATIONS = YES;
				CLANG_WARN_DIRECT_OBJC_ISA_USAGE = YES_ERROR;
				CLANG_WARN_DOCUMENTATION_COMMENTS = YES;
				CLANG_WARN_EMPTY_BODY = YES;
				CLANG_WARN_ENUM_CONVERSION = YES;
				CLANG_WARN_INFINITE_RECURSION = YES;
				CLANG_WARN_INT_CONVERSION = YES;
				CLANG_WARN_NON_LITERAL_NULL_CONVERSION = YES;
				CLANG_WARN_OBJC_IMPLICIT_RETAIN_SELF = YES;
				CLANG_WARN_OBJC_LITERAL_CONVERSION = YES;
				CLANG_WARN_OBJC_ROOT_CLASS = YES_ERROR;
				CLANG_WARN_RANGE_LOOP_ANALYSIS = YES;
				CLANG_WARN_STRICT_PROTOTYPES = YES;
				CLANG_WARN_SUSPICIOUS_MOVE = YES;
				CLANG_WARN_UNGUARDED_AVAILABILITY = YES_AGGRESSIVE;
				CLANG_WARN_UNREACHABLE_CODE = YES;
				CLANG_WARN__DUPLICATE_METHOD_MATCH = YES;
				COPY_PHASE_STRIP = NO;
				DEBUG_INFORMATION_FORMAT = "dwarf-with-dsym";
				ENABLE_NS_ASSERTIONS = NO;
				ENABLE_STRICT_OBJC_MSGSEND = YES;
				GCC_C_LANGUAGE_STANDARD = gnu11;
				GCC_NO_COMMON_BLOCKS = YES;
				GCC_WARN_64_TO_32_BIT_CONVERSION = YES;
				GCC_WARN_ABOUT_RETURN_TYPE = YES_ERROR;
				GCC_WARN_UNDECLARED_SELECTOR = YES;
				GCC_WARN_UNINITIALIZED_AUTOS = YES_AGGRESSIVE;
				GCC_WARN_UNUSED_FUNCTION = YES;
				GCC_WARN_UNUSED_VARIABLE = YES;
				IPHONEOS_DEPLOYMENT_TARGET = 13.2;
				MTL_ENABLE_DEBUG_INFO = NO;
				MTL_FAST_MATH = YES;
				SDKROOT = iphoneos;
				SWIFT_COMPILATION_MODE = wholemodule;
				SWIFT_OPTIMIZATION_LEVEL = "-O";
				VALIDATE_PRODUCT = YES;
			};
			name = Release;
		};
		9100C14C23C4EC3D00D57076 /* Debug */ = {
			isa = XCBuildConfiguration;
			buildSettings = {
				ASSETCATALOG_COMPILER_APPICON_NAME = AppIcon;
				CODE_SIGN_STYLE = Automatic;
				DEVELOPMENT_ASSET_PATHS = "\"SimpleTimer/Preview Content\"";
				DEVELOPMENT_TEAM = 2S5247ZFR3;
				ENABLE_PREVIEWS = YES;
				INFOPLIST_FILE = SimpleTimer/Info.plist;
				LD_RUNPATH_SEARCH_PATHS = (
					"$(inherited)",
					"@executable_path/Frameworks",
				);
				PRODUCT_BUNDLE_IDENTIFIER = kr.1000ship.SimpleTimer;
				PRODUCT_NAME = "$(TARGET_NAME)";
				SWIFT_VERSION = 5.0;
				TARGETED_DEVICE_FAMILY = "1,2";
			};
			name = Debug;
		};
		9100C14D23C4EC3D00D57076 /* Release */ = {
			isa = XCBuildConfiguration;
			buildSettings = {
				ASSETCATALOG_COMPILER_APPICON_NAME = AppIcon;
				CODE_SIGN_STYLE = Automatic;
				DEVELOPMENT_ASSET_PATHS = "\"SimpleTimer/Preview Content\"";
				DEVELOPMENT_TEAM = 2S5247ZFR3;
				ENABLE_PREVIEWS = YES;
				INFOPLIST_FILE = SimpleTimer/Info.plist;
				LD_RUNPATH_SEARCH_PATHS = (
					"$(inherited)",
					"@executable_path/Frameworks",
				);
				PRODUCT_BUNDLE_IDENTIFIER = kr.1000ship.SimpleTimer;
				PRODUCT_NAME = "$(TARGET_NAME)";
				SWIFT_VERSION = 5.0;
				TARGETED_DEVICE_FAMILY = "1,2";
			};
			name = Release;
		};
		9100C14F23C4EC3D00D57076 /* Debug */ = {
			isa = XCBuildConfiguration;
			buildSettings = {
				ALWAYS_EMBED_SWIFT_STANDARD_LIBRARIES = YES;
				BUNDLE_LOADER = "$(TEST_HOST)";
				CODE_SIGN_STYLE = Automatic;
				DEVELOPMENT_TEAM = 2S5247ZFR3;
				INFOPLIST_FILE = SimpleTimerTests/Info.plist;
				IPHONEOS_DEPLOYMENT_TARGET = 13.2;
				LD_RUNPATH_SEARCH_PATHS = (
					"$(inherited)",
					"@executable_path/Frameworks",
					"@loader_path/Frameworks",
				);
				PRODUCT_BUNDLE_IDENTIFIER = kr.1000ship.SimpleTimerTests;
				PRODUCT_NAME = "$(TARGET_NAME)";
				SWIFT_VERSION = 5.0;
				TARGETED_DEVICE_FAMILY = "1,2";
				TEST_HOST = "$(BUILT_PRODUCTS_DIR)/SimpleTimer.app/SimpleTimer";
			};
			name = Debug;
		};
		9100C15023C4EC3D00D57076 /* Release */ = {
			isa = XCBuildConfiguration;
			buildSettings = {
				ALWAYS_EMBED_SWIFT_STANDARD_LIBRARIES = YES;
				BUNDLE_LOADER = "$(TEST_HOST)";
				CODE_SIGN_STYLE = Automatic;
				DEVELOPMENT_TEAM = 2S5247ZFR3;
				INFOPLIST_FILE = SimpleTimerTests/Info.plist;
				IPHONEOS_DEPLOYMENT_TARGET = 13.2;
				LD_RUNPATH_SEARCH_PATHS = (
					"$(inherited)",
					"@executable_path/Frameworks",
					"@loader_path/Frameworks",
				);
				PRODUCT_BUNDLE_IDENTIFIER = kr.1000ship.SimpleTimerTests;
				PRODUCT_NAME = "$(TARGET_NAME)";
				SWIFT_VERSION = 5.0;
				TARGETED_DEVICE_FAMILY = "1,2";
				TEST_HOST = "$(BUILT_PRODUCTS_DIR)/SimpleTimer.app/SimpleTimer";
			};
			name = Release;
		};
		9100C15223C4EC3D00D57076 /* Debug */ = {
			isa = XCBuildConfiguration;
			buildSettings = {
				ALWAYS_EMBED_SWIFT_STANDARD_LIBRARIES = YES;
				CODE_SIGN_STYLE = Automatic;
				DEVELOPMENT_TEAM = 2S5247ZFR3;
				INFOPLIST_FILE = SimpleTimerUITests/Info.plist;
				LD_RUNPATH_SEARCH_PATHS = (
					"$(inherited)",
					"@executable_path/Frameworks",
					"@loader_path/Frameworks",
				);
				PRODUCT_BUNDLE_IDENTIFIER = kr.1000ship.SimpleTimerUITests;
				PRODUCT_NAME = "$(TARGET_NAME)";
				SWIFT_VERSION = 5.0;
				TARGETED_DEVICE_FAMILY = "1,2";
				TEST_TARGET_NAME = SimpleTimer;
			};
			name = Debug;
		};
		9100C15323C4EC3D00D57076 /* Release */ = {
			isa = XCBuildConfiguration;
			buildSettings = {
				ALWAYS_EMBED_SWIFT_STANDARD_LIBRARIES = YES;
				CODE_SIGN_STYLE = Automatic;
				DEVELOPMENT_TEAM = 2S5247ZFR3;
				INFOPLIST_FILE = SimpleTimerUITests/Info.plist;
				LD_RUNPATH_SEARCH_PATHS = (
					"$(inherited)",
					"@executable_path/Frameworks",
					"@loader_path/Frameworks",
				);
				PRODUCT_BUNDLE_IDENTIFIER = kr.1000ship.SimpleTimerUITests;
				PRODUCT_NAME = "$(TARGET_NAME)";
				SWIFT_VERSION = 5.0;
				TARGETED_DEVICE_FAMILY = "1,2";
				TEST_TARGET_NAME = SimpleTimer;
			};
			name = Release;
		};
/* End XCBuildConfiguration section */

/* Begin XCConfigurationList section */
		9100C11C23C4EC3B00D57076 /* Build configuration list for PBXProject "SimpleTimer" */ = {
			isa = XCConfigurationList;
			buildConfigurations = (
				9100C14923C4EC3D00D57076 /* Debug */,
				9100C14A23C4EC3D00D57076 /* Release */,
			);
			defaultConfigurationIsVisible = 0;
			defaultConfigurationName = Release;
		};
		9100C14B23C4EC3D00D57076 /* Build configuration list for PBXNativeTarget "SimpleTimer" */ = {
			isa = XCConfigurationList;
			buildConfigurations = (
				9100C14C23C4EC3D00D57076 /* Debug */,
				9100C14D23C4EC3D00D57076 /* Release */,
			);
			defaultConfigurationIsVisible = 0;
			defaultConfigurationName = Release;
		};
		9100C14E23C4EC3D00D57076 /* Build configuration list for PBXNativeTarget "SimpleTimerTests" */ = {
			isa = XCConfigurationList;
			buildConfigurations = (
				9100C14F23C4EC3D00D57076 /* Debug */,
				9100C15023C4EC3D00D57076 /* Release */,
			);
			defaultConfigurationIsVisible = 0;
			defaultConfigurationName = Release;
		};
		9100C15123C4EC3D00D57076 /* Build configuration list for PBXNativeTarget "SimpleTimerUITests" */ = {
			isa = XCConfigurationList;
			buildConfigurations = (
				9100C15223C4EC3D00D57076 /* Debug */,
				9100C15323C4EC3D00D57076 /* Release */,
			);
			defaultConfigurationIsVisible = 0;
			defaultConfigurationName = Release;
		};
/* End XCConfigurationList section */
	};
	rootObject = 9100C11923C4EC3B00D57076 /* Project object */;
}
